// !$*UTF8*$!
{
	archiveVersion = 1;
	classes = {
	};
	objectVersion = 55;
	objects = {

/* Begin PBXBuildFile section */
		076F968728B44F7D00D4B5F6 /* LandmarksApp.swift in Sources */ = {isa = PBXBuildFile; fileRef = 076F968628B44F7D00D4B5F6 /* LandmarksApp.swift */; };
		076F968928B44F7D00D4B5F6 /* ContentView.swift in Sources */ = {isa = PBXBuildFile; fileRef = 076F968828B44F7D00D4B5F6 /* ContentView.swift */; };
		076F968B28B44F7F00D4B5F6 /* Assets.xcassets in Resources */ = {isa = PBXBuildFile; fileRef = 076F968A28B44F7F00D4B5F6 /* Assets.xcassets */; };
		076F968E28B44F7F00D4B5F6 /* Preview Assets.xcassets in Resources */ = {isa = PBXBuildFile; fileRef = 076F968D28B44F7F00D4B5F6 /* Preview Assets.xcassets */; };
		076F969528B4576000D4B5F6 /* CircleImage.swift in Sources */ = {isa = PBXBuildFile; fileRef = 076F969428B4576000D4B5F6 /* CircleImage.swift */; };
		076F969728B4582300D4B5F6 /* MapView.swift in Sources */ = {isa = PBXBuildFile; fileRef = 076F969628B4582300D4B5F6 /* MapView.swift */; };
		076F969B28B45EB500D4B5F6 /* landmarkData.json in Resources */ = {isa = PBXBuildFile; fileRef = 076F969A28B45EB500D4B5F6 /* landmarkData.json */; };
		076F969F28B45EE500D4B5F6 /* Landmark.swift in Sources */ = {isa = PBXBuildFile; fileRef = 076F969E28B45EE500D4B5F6 /* Landmark.swift */; };
		076F96A128B460CB00D4B5F6 /* ModelData.swift in Sources */ = {isa = PBXBuildFile; fileRef = 076F96A028B460CB00D4B5F6 /* ModelData.swift */; };
		076F96AA28B4637300D4B5F6 /* LandmarkRow.swift in Sources */ = {isa = PBXBuildFile; fileRef = 076F96A928B4637300D4B5F6 /* LandmarkRow.swift */; };
		076F96AC28B464E700D4B5F6 /* LandmarkList.swift in Sources */ = {isa = PBXBuildFile; fileRef = 076F96AB28B464E700D4B5F6 /* LandmarkList.swift */; };
		076F96AE28B466F600D4B5F6 /* LandmarkDetail.swift in Sources */ = {isa = PBXBuildFile; fileRef = 076F96AD28B466F600D4B5F6 /* LandmarkDetail.swift */; };
/* End PBXBuildFile section */

/* Begin PBXFileReference section */
		076F968328B44F7D00D4B5F6 /* Landmarks.app */ = {isa = PBXFileReference; explicitFileType = wrapper.application; includeInIndex = 0; path = Landmarks.app; sourceTree = BUILT_PRODUCTS_DIR; };
		076F968628B44F7D00D4B5F6 /* LandmarksApp.swift */ = {isa = PBXFileReference; lastKnownFileType = sourcecode.swift; path = LandmarksApp.swift; sourceTree = "<group>"; };
		076F968828B44F7D00D4B5F6 /* ContentView.swift */ = {isa = PBXFileReference; lastKnownFileType = sourcecode.swift; path = ContentView.swift; sourceTree = "<group>"; };
		076F968A28B44F7F00D4B5F6 /* Assets.xcassets */ = {isa = PBXFileReference; lastKnownFileType = folder.assetcatalog; path = Assets.xcassets; sourceTree = "<group>"; };
		076F968D28B44F7F00D4B5F6 /* Preview Assets.xcassets */ = {isa = PBXFileReference; lastKnownFileType = folder.assetcatalog; path = "Preview Assets.xcassets"; sourceTree = "<group>"; };
		076F969428B4576000D4B5F6 /* CircleImage.swift */ = {isa = PBXFileReference; lastKnownFileType = sourcecode.swift; path = CircleImage.swift; sourceTree = "<group>"; };
		076F969628B4582300D4B5F6 /* MapView.swift */ = {isa = PBXFileReference; lastKnownFileType = sourcecode.swift; path = MapView.swift; sourceTree = "<group>"; };
		076F969A28B45EB500D4B5F6 /* landmarkData.json */ = {isa = PBXFileReference; fileEncoding = 4; lastKnownFileType = text.json; path = landmarkData.json; sourceTree = "<group>"; };
		076F969E28B45EE500D4B5F6 /* Landmark.swift */ = {isa = PBXFileReference; lastKnownFileType = sourcecode.swift; path = Landmark.swift; sourceTree = "<group>"; };
		076F96A028B460CB00D4B5F6 /* ModelData.swift */ = {isa = PBXFileReference; lastKnownFileType = sourcecode.swift; path = ModelData.swift; sourceTree = "<group>"; };
		076F96A928B4637300D4B5F6 /* LandmarkRow.swift */ = {isa = PBXFileReference; lastKnownFileType = sourcecode.swift; path = LandmarkRow.swift; sourceTree = SOURCE_ROOT; };
		076F96AB28B464E700D4B5F6 /* LandmarkList.swift */ = {isa = PBXFileReference; lastKnownFileType = sourcecode.swift; path = LandmarkList.swift; sourceTree = "<group>"; };
		076F96AD28B466F600D4B5F6 /* LandmarkDetail.swift */ = {isa = PBXFileReference; lastKnownFileType = sourcecode.swift; path = LandmarkDetail.swift; sourceTree = "<group>"; };
/* End PBXFileReference section */

/* Begin PBXFrameworksBuildPhase section */
		076F968028B44F7D00D4B5F6 /* Frameworks */ = {
			isa = PBXFrameworksBuildPhase;
			buildActionMask = 2147483647;
			files = (
			);
			runOnlyForDeploymentPostprocessing = 0;
		};
/* End PBXFrameworksBuildPhase section */

/* Begin PBXGroup section */
		076F967A28B44F7D00D4B5F6 = {
			isa = PBXGroup;
			children = (
				076F968528B44F7D00D4B5F6 /* Landmarks */,
				076F968428B44F7D00D4B5F6 /* Products */,
			);
			sourceTree = "<group>";
		};
		076F968428B44F7D00D4B5F6 /* Products */ = {
			isa = PBXGroup;
			children = (
				076F968328B44F7D00D4B5F6 /* Landmarks.app */,
			);
			name = Products;
			sourceTree = "<group>";
		};
		076F968528B44F7D00D4B5F6 /* Landmarks */ = {
			isa = PBXGroup;
			children = (
				076F968628B44F7D00D4B5F6 /* LandmarksApp.swift */,
				076F96A428B462A700D4B5F6 /* Views */,
				076F96A528B462B600D4B5F6 /* Model */,
				076F96A628B462BB00D4B5F6 /* Resources */,
				076F968A28B44F7F00D4B5F6 /* Assets.xcassets */,
				076F968C28B44F7F00D4B5F6 /* Preview Content */,
			);
			path = Landmarks;
			sourceTree = "<group>";
		};
		076F968C28B44F7F00D4B5F6 /* Preview Content */ = {
			isa = PBXGroup;
			children = (
				076F968D28B44F7F00D4B5F6 /* Preview Assets.xcassets */,
			);
			path = "Preview Content";
			sourceTree = "<group>";
		};
		076F96A428B462A700D4B5F6 /* Views */ = {
			isa = PBXGroup;
			children = (
				076F96A928B4637300D4B5F6 /* LandmarkRow.swift */,
				076F96AB28B464E700D4B5F6 /* LandmarkList.swift */,
				076F96AD28B466F600D4B5F6 /* LandmarkDetail.swift */,
				076F968828B44F7D00D4B5F6 /* ContentView.swift */,
				076F969428B4576000D4B5F6 /* CircleImage.swift */,
				076F969628B4582300D4B5F6 /* MapView.swift */,
			);
			path = Views;
			sourceTree = "<group>";
		};
		076F96A528B462B600D4B5F6 /* Model */ = {
			isa = PBXGroup;
			children = (
				076F96A028B460CB00D4B5F6 /* ModelData.swift */,
				076F969E28B45EE500D4B5F6 /* Landmark.swift */,
			);
			path = Model;
			sourceTree = "<group>";
		};
		076F96A628B462BB00D4B5F6 /* Resources */ = {
			isa = PBXGroup;
			children = (
				076F969A28B45EB500D4B5F6 /* landmarkData.json */,
			);
			path = Resources;
			sourceTree = "<group>";
		};
/* End PBXGroup section */

/* Begin PBXNativeTarget section */
		076F968228B44F7D00D4B5F6 /* Landmarks */ = {
			isa = PBXNativeTarget;
			buildConfigurationList = 076F969128B44F7F00D4B5F6 /* Build configuration list for PBXNativeTarget "Landmarks" */;
			buildPhases = (
				076F967F28B44F7D00D4B5F6 /* Sources */,
				076F968028B44F7D00D4B5F6 /* Frameworks */,
				076F968128B44F7D00D4B5F6 /* Resources */,
			);
			buildRules = (
			);
			dependencies = (
			);
			name = Landmarks;
			productName = Landmarks;
			productReference = 076F968328B44F7D00D4B5F6 /* Landmarks.app */;
			productType = "com.apple.product-type.application";
		};
/* End PBXNativeTarget section */

/* Begin PBXProject section */
		076F967B28B44F7D00D4B5F6 /* Project object */ = {
			isa = PBXProject;
			attributes = {
				BuildIndependentTargetsInParallel = 1;
				LastSwiftUpdateCheck = 1340;
				LastUpgradeCheck = 1340;
				TargetAttributes = {
					076F968228B44F7D00D4B5F6 = {
						CreatedOnToolsVersion = 13.4.1;
					};
				};
			};
			buildConfigurationList = 076F967E28B44F7D00D4B5F6 /* Build configuration list for PBXProject "Landmarks" */;
			compatibilityVersion = "Xcode 13.0";
			developmentRegion = en;
			hasScannedForEncodings = 0;
			knownRegions = (
				en,
				Base,
			);
			mainGroup = 076F967A28B44F7D00D4B5F6;
			productRefGroup = 076F968428B44F7D00D4B5F6 /* Products */;
			projectDirPath = "";
			projectRoot = "";
			targets = (
				076F968228B44F7D00D4B5F6 /* Landmarks */,
			);
		};
/* End PBXProject section */

/* Begin PBXResourcesBuildPhase section */
		076F968128B44F7D00D4B5F6 /* Resources */ = {
			isa = PBXResourcesBuildPhase;
			buildActionMask = 2147483647;
			files = (
				076F968E28B44F7F00D4B5F6 /* Preview Assets.xcassets in Resources */,
				076F968B28B44F7F00D4B5F6 /* Assets.xcassets in Resources */,
				076F969B28B45EB500D4B5F6 /* landmarkData.json in Resources */,
			);
			runOnlyForDeploymentPostprocessing = 0;
		};
/* End PBXResourcesBuildPhase section */

/* Begin PBXSourcesBuildPhase section */
		076F967F28B44F7D00D4B5F6 /* Sources */ = {
			isa = PBXSourcesBuildPhase;
			buildActionMask = 2147483647;
			files = (
				076F968928B44F7D00D4B5F6 /* ContentView.swift in Sources */,
				076F969728B4582300D4B5F6 /* MapView.swift in Sources */,
				076F968728B44F7D00D4B5F6 /* LandmarksApp.swift in Sources */,
				076F96AC28B464E700D4B5F6 /* LandmarkList.swift in Sources */,
				076F96AE28B466F600D4B5F6 /* LandmarkDetail.swift in Sources */,
				076F969528B4576000D4B5F6 /* CircleImage.swift in Sources */,
				076F969F28B45EE500D4B5F6 /* Landmark.swift in Sources */,
				076F96AA28B4637300D4B5F6 /* LandmarkRow.swift in Sources */,
				076F96A128B460CB00D4B5F6 /* ModelData.swift in Sources */,
			);
			runOnlyForDeploymentPostprocessing = 0;
		};
/* End PBXSourcesBuildPhase section */

/* Begin XCBuildConfiguration section */
		076F968F28B44F7F00D4B5F6 /* Debug */ = {
			isa = XCBuildConfiguration;
			buildSettings = {
				ALWAYS_SEARCH_USER_PATHS = NO;
				CLANG_ANALYZER_NONNULL = YES;
				CLANG_ANALYZER_NUMBER_OBJECT_CONVERSION = YES_AGGRESSIVE;
				CLANG_CXX_LANGUAGE_STANDARD = "gnu++17";
				CLANG_ENABLE_MODULES = YES;
				CLANG_ENABLE_OBJC_ARC = YES;
				CLANG_ENABLE_OBJC_WEAK = YES;
				CLANG_WARN_BLOCK_CAPTURE_AUTORELEASING = YES;
				CLANG_WARN_BOOL_CONVERSION = YES;
				CLANG_WARN_COMMA = YES;
				CLANG_WARN_CONSTANT_CONVERSION = YES;
				CLANG_WARN_DEPRECATED_OBJC_IMPLEMENTATIONS = YES;
				CLANG_WARN_DIRECT_OBJC_ISA_USAGE = YES_ERROR;
				CLANG_WARN_DOCUMENTATION_COMMENTS = YES;
				CLANG_WARN_EMPTY_BODY = YES;
				CLANG_WARN_ENUM_CONVERSION = YES;
				CLANG_WARN_INFINITE_RECURSION = YES;
				CLANG_WARN_INT_CONVERSION = YES;
				CLANG_WARN_NON_LITERAL_NULL_CONVERSION = YES;
				CLANG_WARN_OBJC_IMPLICIT_RETAIN_SELF = YES;
				CLANG_WARN_OBJC_LITERAL_CONVERSION = YES;
				CLANG_WARN_OBJC_ROOT_CLASS = YES_ERROR;
				CLANG_WARN_QUOTED_INCLUDE_IN_FRAMEWORK_HEADER = YES;
				CLANG_WARN_RANGE_LOOP_ANALYSIS = YES;
				CLANG_WARN_STRICT_PROTOTYPES = YES;
				CLANG_WARN_SUSPICIOUS_MOVE = YES;
				CLANG_WARN_UNGUARDED_AVAILABILITY = YES_AGGRESSIVE;
				CLANG_WARN_UNREACHABLE_CODE = YES;
				CLANG_WARN__DUPLICATE_METHOD_MATCH = YES;
				COPY_PHASE_STRIP = NO;
				DEBUG_INFORMATION_FORMAT = dwarf;
				ENABLE_STRICT_OBJC_MSGSEND = YES;
				ENABLE_TESTABILITY = YES;
				GCC_C_LANGUAGE_STANDARD = gnu11;
				GCC_DYNAMIC_NO_PIC = NO;
				GCC_NO_COMMON_BLOCKS = YES;
				GCC_OPTIMIZATION_LEVEL = 0;
				GCC_PREPROCESSOR_DEFINITIONS = (
					"DEBUG=1",
					"$(inherited)",
				);
				GCC_WARN_64_TO_32_BIT_CONVERSION = YES;
				GCC_WARN_ABOUT_RETURN_TYPE = YES_ERROR;
				GCC_WARN_UNDECLARED_SELECTOR = YES;
				GCC_WARN_UNINITIALIZED_AUTOS = YES_AGGRESSIVE;
				GCC_WARN_UNUSED_FUNCTION = YES;
				GCC_WARN_UNUSED_VARIABLE = YES;
				IPHONEOS_DEPLOYMENT_TARGET = 15.5;
				MTL_ENABLE_DEBUG_INFO = INCLUDE_SOURCE;
				MTL_FAST_MATH = YES;
				ONLY_ACTIVE_ARCH = YES;
				SDKROOT = iphoneos;
				SWIFT_ACTIVE_COMPILATION_CONDITIONS = DEBUG;
				SWIFT_OPTIMIZATION_LEVEL = "-Onone";
			};
			name = Debug;
		};
		076F969028B44F7F00D4B5F6 /* Release */ = {
			isa = XCBuildConfiguration;
			buildSettings = {
				ALWAYS_SEARCH_USER_PATHS = NO;
				CLANG_ANALYZER_NONNULL = YES;
				CLANG_ANALYZER_NUMBER_OBJECT_CONVERSION = YES_AGGRESSIVE;
				CLANG_CXX_LANGUAGE_STANDARD = "gnu++17";
				CLANG_ENABLE_MODULES = YES;
				CLANG_ENABLE_OBJC_ARC = YES;
				CLANG_ENABLE_OBJC_WEAK = YES;
				CLANG_WARN_BLOCK_CAPTURE_AUTORELEASING = YES;
				CLANG_WARN_BOOL_CONVERSION = YES;
				CLANG_WARN_COMMA = YES;
				CLANG_WARN_CONSTANT_CONVERSION = YES;
				CLANG_WARN_DEPRECATED_OBJC_IMPLEMENTATIONS = YES;
				CLANG_WARN_DIRECT_OBJC_ISA_USAGE = YES_ERROR;
				CLANG_WARN_DOCUMENTATION_COMMENTS = YES;
				CLANG_WARN_EMPTY_BODY = YES;
				CLANG_WARN_ENUM_CONVERSION = YES;
				CLANG_WARN_INFINITE_RECURSION = YES;
				CLANG_WARN_INT_CONVERSION = YES;
				CLANG_WARN_NON_LITERAL_NULL_CONVERSION = YES;
				CLANG_WARN_OBJC_IMPLICIT_RETAIN_SELF = YES;
				CLANG_WARN_OBJC_LITERAL_CONVERSION = YES;
				CLANG_WARN_OBJC_ROOT_CLASS = YES_ERROR;
				CLANG_WARN_QUOTED_INCLUDE_IN_FRAMEWORK_HEADER = YES;
				CLANG_WARN_RANGE_LOOP_ANALYSIS = YES;
				CLANG_WARN_STRICT_PROTOTYPES = YES;
				CLANG_WARN_SUSPICIOUS_MOVE = YES;
				CLANG_WARN_UNGUARDED_AVAILABILITY = YES_AGGRESSIVE;
				CLANG_WARN_UNREACHABLE_CODE = YES;
				CLANG_WARN__DUPLICATE_METHOD_MATCH = YES;
				COPY_PHASE_STRIP = NO;
				DEBUG_INFORMATION_FORMAT = "dwarf-with-dsym";
				ENABLE_NS_ASSERTIONS = NO;
				ENABLE_STRICT_OBJC_MSGSEND = YES;
				GCC_C_LANGUAGE_STANDARD = gnu11;
				GCC_NO_COMMON_BLOCKS = YES;
				GCC_WARN_64_TO_32_BIT_CONVERSION = YES;
				GCC_WARN_ABOUT_RETURN_TYPE = YES_ERROR;
				GCC_WARN_UNDECLARED_SELECTOR = YES;
				GCC_WARN_UNINITIALIZED_AUTOS = YES_AGGRESSIVE;
				GCC_WARN_UNUSED_FUNCTION = YES;
				GCC_WARN_UNUSED_VARIABLE = YES;
				IPHONEOS_DEPLOYMENT_TARGET = 15.5;
				MTL_ENABLE_DEBUG_INFO = NO;
				MTL_FAST_MATH = YES;
				SDKROOT = iphoneos;
				SWIFT_COMPILATION_MODE = wholemodule;
				SWIFT_OPTIMIZATION_LEVEL = "-O";
				VALIDATE_PRODUCT = YES;
			};
			name = Release;
		};
		076F969228B44F7F00D4B5F6 /* Debug */ = {
			isa = XCBuildConfiguration;
			buildSettings = {
				ASSETCATALOG_COMPILER_APPICON_NAME = AppIcon;
				ASSETCATALOG_COMPILER_GLOBAL_ACCENT_COLOR_NAME = AccentColor;
				CODE_SIGN_STYLE = Automatic;
				CURRENT_PROJECT_VERSION = 1;
				DEVELOPMENT_ASSET_PATHS = "\"Landmarks/Preview Content\"";
				DEVELOPMENT_TEAM = AUAKG3AAJX;
				ENABLE_PREVIEWS = YES;
				GENERATE_INFOPLIST_FILE = YES;
				INFOPLIST_KEY_UIApplicationSceneManifest_Generation = YES;
				INFOPLIST_KEY_UIApplicationSupportsIndirectInputEvents = YES;
				INFOPLIST_KEY_UILaunchScreen_Generation = YES;
				INFOPLIST_KEY_UISupportedInterfaceOrientations_iPad = "UIInterfaceOrientationPortrait UIInterfaceOrientationPortraitUpsideDown UIInterfaceOrientationLandscapeLeft UIInterfaceOrientationLandscapeRight";
				INFOPLIST_KEY_UISupportedInterfaceOrientations_iPhone = "UIInterfaceOrientationPortrait UIInterfaceOrientationLandscapeLeft UIInterfaceOrientationLandscapeRight";
				LD_RUNPATH_SEARCH_PATHS = (
					"$(inherited)",
					"@executable_path/Frameworks",
				);
				MARKETING_VERSION = 1.0;
				PRODUCT_BUNDLE_IDENTIFIER = com.YTR.Landmarks;
				PRODUCT_NAME = "$(TARGET_NAME)";
				SWIFT_EMIT_LOC_STRINGS = YES;
				SWIFT_VERSION = 5.0;
				TARGETED_DEVICE_FAMILY = "1,2";
			};
			name = Debug;
		};
		076F969328B44F7F00D4B5F6 /* Release */ = {
			isa = XCBuildConfiguration;
			buildSettings = {
				ASSETCATALOG_COMPILER_APPICON_NAME = AppIcon;
				ASSETCATALOG_COMPILER_GLOBAL_ACCENT_COLOR_NAME = AccentColor;
				CODE_SIGN_STYLE = Automatic;
				CURRENT_PROJECT_VERSION = 1;
				DEVELOPMENT_ASSET_PATHS = "\"Landmarks/Preview Content\"";
				DEVELOPMENT_TEAM = AUAKG3AAJX;
				ENABLE_PREVIEWS = YES;
				GENERATE_INFOPLIST_FILE = YES;
				INFOPLIST_KEY_UIApplicationSceneManifest_Generation = YES;
				INFOPLIST_KEY_UIApplicationSupportsIndirectInputEvents = YES;
				INFOPLIST_KEY_UILaunchScreen_Generation = YES;
				INFOPLIST_KEY_UISupportedInterfaceOrientations_iPad = "UIInterfaceOrientationPortrait UIInterfaceOrientationPortraitUpsideDown UIInterfaceOrientationLandscapeLeft UIInterfaceOrientationLandscapeRight";
				INFOPLIST_KEY_UISupportedInterfaceOrientations_iPhone = "UIInterfaceOrientationPortrait UIInterfaceOrientationLandscapeLeft UIInterfaceOrientationLandscapeRight";
				LD_RUNPATH_SEARCH_PATHS = (
					"$(inherited)",
					"@executable_path/Frameworks",
				);
				MARKETING_VERSION = 1.0;
				PRODUCT_BUNDLE_IDENTIFIER = com.YTR.Landmarks;
				PRODUCT_NAME = "$(TARGET_NAME)";
				SWIFT_EMIT_LOC_STRINGS = YES;
				SWIFT_VERSION = 5.0;
				TARGETED_DEVICE_FAMILY = "1,2";
			};
			name = Release;
		};
/* End XCBuildConfiguration section */

/* Begin XCConfigurationList section */
		076F967E28B44F7D00D4B5F6 /* Build configuration list for PBXProject "Landmarks" */ = {
			isa = XCConfigurationList;
			buildConfigurations = (
				076F968F28B44F7F00D4B5F6 /* Debug */,
				076F969028B44F7F00D4B5F6 /* Release */,
			);
			defaultConfigurationIsVisible = 0;
			defaultConfigurationName = Release;
		};
		076F969128B44F7F00D4B5F6 /* Build configuration list for PBXNativeTarget "Landmarks" */ = {
			isa = XCConfigurationList;
			buildConfigurations = (
				076F969228B44F7F00D4B5F6 /* Debug */,
				076F969328B44F7F00D4B5F6 /* Release */,
			);
			defaultConfigurationIsVisible = 0;
			defaultConfigurationName = Release;
		};
/* End XCConfigurationList section */
	};
	rootObject = 076F967B28B44F7D00D4B5F6 /* Project object */;
}
